
Microsoft Visual Studio Solution File, Format Version 12.00
# Visual Studio Version 17
VisualStudioVersion = 17.5.002.0
MinimumVisualStudioVersion = 10.0.40219.1
Project("{9A19103F-16F7-4668-BE54-9A1E7A4F7556}") = "ImpApi", "ImpApi\ImpApi.csproj", "{28B3F124-522E-4B84-A6E9-9DE386B2A508}"
EndProject
Global
	GlobalSection(SolutionConfigurationPlatforms) = preSolution
		Debug|Any CPU = Debug|Any CPU
		Release|Any CPU = Release|Any CPU
	EndGlobalSection
	GlobalSection(ProjectConfigurationPlatforms) = postSolution
		{28B3F124-522E-4B84-A6E9-9DE386B2A508}.Debug|Any CPU.ActiveCfg = Debug|Any CPU
		{28B3F124-522E-4B84-A6E9-9DE386B2A508}.Debug|Any CPU.Build.0 = Debug|Any CPU
		{28B3F124-522E-4B84-A6E9-9DE386B2A508}.Release|Any CPU.ActiveCfg = Release|Any CPU
		{28B3F124-522E-4B84-A6E9-9DE386B2A508}.Release|Any CPU.Build.0 = Release|Any CPU
	EndGlobalSection
	GlobalSection(SolutionProperties) = preSolution
		HideSolutionNode = FALSE
	EndGlobalSection
	GlobalSection(ExtensibilityGlobals) = postSolution
		SolutionGuid = {318392A6-7A77-4D36-B707-9A5B193E7591}
	EndGlobalSection
EndGlobal
